<?xml version="1.0" encoding="UTF-8"?>
<CONFIG>
  <ProjectOptions>
    <Version Value="11"/>
    <PathDelim Value="\"/>
    <General>
      <SessionStorage Value="InProjectDir"/>
      <MainUnit Value="0"/>
      <Title Value="wslguitool"/>
      <Scaled Value="True"/>
      <ResourceType Value="res"/>
      <UseXPManifest Value="True"/>
      <XPManifest>
        <DpiAware Value="True"/>
      </XPManifest>
      <Icon Value="0"/>
    </General>
    <VersionInfo>
      <UseVersionInfo Value="True"/>
      <MinorVersionNr Value="8"/>
      <StringTable CompanyName="MARTINEAU Emeric" FileDescription="A graphical tool for help manage WSL" LegalCopyright="MARTINEAU Emeric" ProductName="Windows Sybsystem Linux GUI Tool" ProductVersion="0.8.0"/>
    </VersionInfo>
    <BuildModes Count="3">
      <Item1 Name="Default" Default="True"/>
      <Item2 Name="Debug">
        <CompilerOptions>
          <Version Value="11"/>
          <PathDelim Value="\"/>
          <Target>
            <Filename Value="wslguitool"/>
          </Target>
          <SearchPaths>
            <IncludeFiles Value="$(ProjOutDir)"/>
            <UnitOutputDirectory Value="lib\$(TargetCPU)-$(TargetOS)"/>
          </SearchPaths>
          <Parsing>
            <SyntaxOptions>
              <IncludeAssertionCode Value="True"/>
            </SyntaxOptions>
          </Parsing>
          <CodeGeneration>
            <Checks>
              <IOChecks Value="True"/>
              <RangeChecks Value="True"/>
              <OverflowChecks Value="True"/>
              <StackChecks Value="True"/>
            </Checks>
            <VerifyObjMethodCallValidity Value="True"/>
          </CodeGeneration>
          <Linking>
            <Debugging>
              <DebugInfoType Value="dsDwarf2Set"/>
              <UseHeaptrc Value="True"/>
              <TrashVariables Value="True"/>
              <UseExternalDbgSyms Value="True"/>
            </Debugging>
            <Options>
              <Win32>
                <GraphicApplication Value="True"/>
              </Win32>
            </Options>
          </Linking>
        </CompilerOptions>
      </Item2>
      <Item3 Name="Release">
        <CompilerOptions>
          <Version Value="11"/>
          <PathDelim Value="\"/>
          <Target>
            <Filename Value="wslguitool"/>
          </Target>
          <SearchPaths>
            <IncludeFiles Value="$(ProjOutDir)"/>
            <UnitOutputDirectory Value="lib\$(TargetCPU)-$(TargetOS)"/>
          </SearchPaths>
          <CodeGeneration>
            <SmartLinkUnit Value="True"/>
            <Optimizations>
              <OptimizationLevel Value="3"/>
            </Optimizations>
          </CodeGeneration>
          <Linking>
            <Debugging>
              <GenerateDebugInfo Value="False"/>
            </Debugging>
            <LinkSmart Value="True"/>
            <Options>
              <Win32>
                <GraphicApplication Value="True"/>
              </Win32>
            </Options>
          </Linking>
        </CompilerOptions>
      </Item3>
    </BuildModes>
    <PublishOptions>
      <Version Value="2"/>
      <UseFileFilters Value="True"/>
    </PublishOptions>
    <RunParams>
      <FormatVersion Value="2"/>
      <Modes Count="0"/>
    </RunParams>
    <RequiredPackages Count="2">
      <Item1>
        <PackageName Value="LazControls"/>
      </Item1>
      <Item2>
        <PackageName Value="LCL"/>
      </Item2>
    </RequiredPackages>
    <Units Count="19">
      <Unit0>
        <Filename Value="wslguitool.lpr"/>
        <IsPartOfProject Value="True"/>
      </Unit0>
      <Unit1>
        <Filename Value="mainwindow.pas"/>
        <IsPartOfProject Value="True"/>
        <ComponentName Value="WslGuiToolMainWindow"/>
        <HasResources Value="True"/>
        <ResourceBaseClass Value="Form"/>
        <UnitName Value="MainWindow"/>
      </Unit1>
      <Unit2>
        <Filename Value="wslapi.pas"/>
        <IsPartOfProject Value="True"/>
      </Unit2>
      <Unit3>
        <Filename Value="wslcommandline.pas"/>
        <IsPartOfProject Value="True"/>
        <UnitName Value="wslcommandLine"/>
      </Unit3>
      <Unit4>
        <Filename Value="wslregistry.pas"/>
        <IsPartOfProject Value="True"/>
      </Unit4>
      <Unit5>
        <Filename Value="applicationinfo.pas"/>
        <IsPartOfProject Value="True"/>
      </Unit5>
      <Unit6>
        <Filename Value="aboutwindow.pas"/>
        <IsPartOfProject Value="True"/>
        <ComponentName Value="FormAbout"/>
        <HasResources Value="True"/>
        <ResourceBaseClass Value="Form"/>
        <UnitName Value="AboutWindow"/>
      </Unit6>
      <Unit7>
        <Filename Value="distributionpropertieswindow.pas"/>
        <IsPartOfProject Value="True"/>
        <ComponentName Value="FormDistributionProperties"/>
        <HasResources Value="True"/>
        <ResourceBaseClass Value="Form"/>
        <UnitName Value="DistributionPropertiesWindow"/>
      </Unit7>
      <Unit8>
        <Filename Value="importdistributionwindow.pas"/>
        <IsPartOfProject Value="True"/>
        <ComponentName Value="FormImportDistribution"/>
        <HasResources Value="True"/>
        <ResourceBaseClass Value="Form"/>
        <UnitName Value="ImportDistributionWindow"/>
      </Unit8>
      <Unit9>
        <Filename Value="runcommandwithuserwindow.pas"/>
        <IsPartOfProject Value="True"/>
        <ComponentName Value="FormRunCommandWithUser"/>
        <HasResources Value="True"/>
        <ResourceBaseClass Value="Form"/>
        <UnitName Value="RunCommandWithUserWindow"/>
      </Unit9>
      <Unit10>
        <Filename Value="promptwindow.pas"/>
        <IsPartOfProject Value="True"/>
        <ComponentName Value="FormPrompt"/>
        <HasResources Value="True"/>
        <ResourceBaseClass Value="Form"/>
        <UnitName Value="PromptWindow"/>
      </Unit10>
      <Unit11>
        <Filename Value="backgroundprocessprogressbar.pas"/>
        <IsPartOfProject Value="True"/>
        <UnitName Value="BackgroundProcessProgressBar"/>
      </Unit11>
      <Unit12>
        <Filename Value="processresultdisplay.pas"/>
        <IsPartOfProject Value="True"/>
        <ComponentName Value="FormProcessResultDisplay"/>
        <HasResources Value="True"/>
        <ResourceBaseClass Value="Form"/>
      </Unit12>
      <Unit13>
        <Filename Value="wslconfigeditwindow.pas"/>
        <IsPartOfProject Value="True"/>
        <ComponentName Value="FormWslconfigEdit"/>
        <HasResources Value="True"/>
        <ResourceBaseClass Value="Form"/>
        <UnitName Value="WslConfigEditWindow"/>
      </Unit13>
      <Unit14>
        <Filename Value="wslconfig.pas"/>
        <IsPartOfProject Value="True"/>
        <UnitName Value="WslConfig"/>
      </Unit14>
      <Unit15>
        <Filename Value="wslconfigparameterctrl.pas"/>
        <IsPartOfProject Value="True"/>
        <UnitName Value="WslconfigParameterCtrl"/>
      </Unit15>
      <Unit16>
        <Filename Value="wslconfigglobal.pas"/>
        <IsPartOfProject Value="True"/>
        <UnitName Value="WslConfigGlobal"/>
      </Unit16>
      <Unit17>
        <Filename Value="wslconfigdistribution.pas"/>
        <IsPartOfProject Value="True"/>
        <UnitName Value="WslConfigDitribution"/>
      </Unit17>
      <Unit18>
        <Filename Value="helpers.pas"/>
        <IsPartOfProject Value="True"/>
      </Unit18>
    </Units>
  </ProjectOptions>
  <CompilerOptions>
    <Version Value="11"/>
    <PathDelim Value="\"/>
    <Target>
      <Filename Value="wslguitool"/>
    </Target>
    <SearchPaths>
      <IncludeFiles Value="$(ProjOutDir)"/>
      <UnitOutputDirectory Value="lib\$(TargetCPU)-$(TargetOS)"/>
    </SearchPaths>
    <Linking>
      <Debugging>
        <UseHeaptrc Value="True"/>
      </Debugging>
      <Options>
        <Win32>
          <GraphicApplication Value="True"/>
        </Win32>
      </Options>
    </Linking>
  </CompilerOptions>
  <Debugging>
    <Exceptions Count="3">
      <Item1>
        <Name Value="EAbort"/>
      </Item1>
      <Item2>
        <Name Value="ECodetoolError"/>
      </Item2>
      <Item3>
        <Name Value="EFOpenError"/>
      </Item3>
    </Exceptions>
  </Debugging>
</CONFIG>
